// !$*UTF8*$!
{
	archiveVersion = 1;
	classes = {
	};
	objectVersion = 50;
	objects = {

/* Begin PBXBuildFile section */
		28110D662160B03800C3AA20 /* AppDelegate.swift in Sources */ = {isa = PBXBuildFile; fileRef = 28110D652160B03800C3AA20 /* AppDelegate.swift */; };
		28110D682160B03800C3AA20 /* WelcomeVC.swift in Sources */ = {isa = PBXBuildFile; fileRef = 28110D672160B03800C3AA20 /* WelcomeVC.swift */; };
		28110D6B2160B03800C3AA20 /* Main.storyboard in Resources */ = {isa = PBXBuildFile; fileRef = 28110D692160B03800C3AA20 /* Main.storyboard */; };
		28110D6D2160B03B00C3AA20 /* Assets.xcassets in Resources */ = {isa = PBXBuildFile; fileRef = 28110D6C2160B03B00C3AA20 /* Assets.xcassets */; };
		28110D702160B03B00C3AA20 /* LaunchScreen.storyboard in Resources */ = {isa = PBXBuildFile; fileRef = 28110D6E2160B03B00C3AA20 /* LaunchScreen.storyboard */; };
		28110D7B2160B03B00C3AA20 /* app_swooshTests.swift in Sources */ = {isa = PBXBuildFile; fileRef = 28110D7A2160B03B00C3AA20 /* app_swooshTests.swift */; };
		28110D862160B03B00C3AA20 /* app_swooshUITests.swift in Sources */ = {isa = PBXBuildFile; fileRef = 28110D852160B03B00C3AA20 /* app_swooshUITests.swift */; };
		28110D952160B6BA00C3AA20 /* BorderButton.swift in Sources */ = {isa = PBXBuildFile; fileRef = 28110D942160B6BA00C3AA20 /* BorderButton.swift */; };
		28235A782169EA4E00F6CAD7 /* LeagueVC.swift in Sources */ = {isa = PBXBuildFile; fileRef = 28235A772169EA4E00F6CAD7 /* LeagueVC.swift */; };
		28235A7A2169EA7000F6CAD7 /* SkillVC.swift in Sources */ = {isa = PBXBuildFile; fileRef = 28235A792169EA7000F6CAD7 /* SkillVC.swift */; };
/* End PBXBuildFile section */

/* Begin PBXContainerItemProxy section */
		28110D772160B03B00C3AA20 /* PBXContainerItemProxy */ = {
			isa = PBXContainerItemProxy;
			containerPortal = 28110D5A2160B03800C3AA20 /* Project object */;
			proxyType = 1;
			remoteGlobalIDString = 28110D612160B03800C3AA20;
			remoteInfo = "app-swoosh";
		};
		28110D822160B03B00C3AA20 /* PBXContainerItemProxy */ = {
			isa = PBXContainerItemProxy;
			containerPortal = 28110D5A2160B03800C3AA20 /* Project object */;
			proxyType = 1;
			remoteGlobalIDString = 28110D612160B03800C3AA20;
			remoteInfo = "app-swoosh";
		};
/* End PBXContainerItemProxy section */

/* Begin PBXFileReference section */
		28110D622160B03800C3AA20 /* app-swoosh.app */ = {isa = PBXFileReference; explicitFileType = wrapper.application; includeInIndex = 0; path = "app-swoosh.app"; sourceTree = BUILT_PRODUCTS_DIR; };
		28110D652160B03800C3AA20 /* AppDelegate.swift */ = {isa = PBXFileReference; lastKnownFileType = sourcecode.swift; path = AppDelegate.swift; sourceTree = "<group>"; };
		28110D672160B03800C3AA20 /* WelcomeVC.swift */ = {isa = PBXFileReference; lastKnownFileType = sourcecode.swift; path = WelcomeVC.swift; sourceTree = "<group>"; };
		28110D6A2160B03800C3AA20 /* Base */ = {isa = PBXFileReference; lastKnownFileType = file.storyboard; name = Base; path = Base.lproj/Main.storyboard; sourceTree = "<group>"; };
		28110D6C2160B03B00C3AA20 /* Assets.xcassets */ = {isa = PBXFileReference; lastKnownFileType = folder.assetcatalog; path = Assets.xcassets; sourceTree = "<group>"; };
		28110D6F2160B03B00C3AA20 /* Base */ = {isa = PBXFileReference; lastKnownFileType = file.storyboard; name = Base; path = Base.lproj/LaunchScreen.storyboard; sourceTree = "<group>"; };
		28110D712160B03B00C3AA20 /* Info.plist */ = {isa = PBXFileReference; lastKnownFileType = text.plist.xml; path = Info.plist; sourceTree = "<group>"; };
		28110D762160B03B00C3AA20 /* app-swooshTests.xctest */ = {isa = PBXFileReference; explicitFileType = wrapper.cfbundle; includeInIndex = 0; path = "app-swooshTests.xctest"; sourceTree = BUILT_PRODUCTS_DIR; };
		28110D7A2160B03B00C3AA20 /* app_swooshTests.swift */ = {isa = PBXFileReference; lastKnownFileType = sourcecode.swift; path = app_swooshTests.swift; sourceTree = "<group>"; };
		28110D7C2160B03B00C3AA20 /* Info.plist */ = {isa = PBXFileReference; lastKnownFileType = text.plist.xml; path = Info.plist; sourceTree = "<group>"; };
		28110D812160B03B00C3AA20 /* app-swooshUITests.xctest */ = {isa = PBXFileReference; explicitFileType = wrapper.cfbundle; includeInIndex = 0; path = "app-swooshUITests.xctest"; sourceTree = BUILT_PRODUCTS_DIR; };
		28110D852160B03B00C3AA20 /* app_swooshUITests.swift */ = {isa = PBXFileReference; lastKnownFileType = sourcecode.swift; path = app_swooshUITests.swift; sourceTree = "<group>"; };
		28110D872160B03B00C3AA20 /* Info.plist */ = {isa = PBXFileReference; lastKnownFileType = text.plist.xml; path = Info.plist; sourceTree = "<group>"; };
		28110D942160B6BA00C3AA20 /* BorderButton.swift */ = {isa = PBXFileReference; lastKnownFileType = sourcecode.swift; path = BorderButton.swift; sourceTree = "<group>"; };
		28235A772169EA4E00F6CAD7 /* LeagueVC.swift */ = {isa = PBXFileReference; lastKnownFileType = sourcecode.swift; path = LeagueVC.swift; sourceTree = "<group>"; };
		28235A792169EA7000F6CAD7 /* SkillVC.swift */ = {isa = PBXFileReference; lastKnownFileType = sourcecode.swift; path = SkillVC.swift; sourceTree = "<group>"; };
/* End PBXFileReference section */

/* Begin PBXFrameworksBuildPhase section */
		28110D5F2160B03800C3AA20 /* Frameworks */ = {
			isa = PBXFrameworksBuildPhase;
			buildActionMask = 2147483647;
			files = (
			);
			runOnlyForDeploymentPostprocessing = 0;
		};
		28110D732160B03B00C3AA20 /* Frameworks */ = {
			isa = PBXFrameworksBuildPhase;
			buildActionMask = 2147483647;
			files = (
			);
			runOnlyForDeploymentPostprocessing = 0;
		};
		28110D7E2160B03B00C3AA20 /* Frameworks */ = {
			isa = PBXFrameworksBuildPhase;
			buildActionMask = 2147483647;
			files = (
			);
			runOnlyForDeploymentPostprocessing = 0;
		};
/* End PBXFrameworksBuildPhase section */

/* Begin PBXGroup section */
		28110D592160B03800C3AA20 = {
			isa = PBXGroup;
			children = (
				28110D642160B03800C3AA20 /* app-swoosh */,
				28110D792160B03B00C3AA20 /* app-swooshTests */,
				28110D842160B03B00C3AA20 /* app-swooshUITests */,
				28110D632160B03800C3AA20 /* Products */,
			);
			sourceTree = "<group>";
		};
		28110D632160B03800C3AA20 /* Products */ = {
			isa = PBXGroup;
			children = (
				28110D622160B03800C3AA20 /* app-swoosh.app */,
				28110D762160B03B00C3AA20 /* app-swooshTests.xctest */,
				28110D812160B03B00C3AA20 /* app-swooshUITests.xctest */,
			);
			name = Products;
			sourceTree = "<group>";
		};
		28110D642160B03800C3AA20 /* app-swoosh */ = {
			isa = PBXGroup;
			children = (
				28235A762169E97500F6CAD7 /* Controller */,
				28235A752169E96D00F6CAD7 /* Model */,
				28110D932160B66500C3AA20 /* View */,
				28110D652160B03800C3AA20 /* AppDelegate.swift */,
				28110D692160B03800C3AA20 /* Main.storyboard */,
				28110D6C2160B03B00C3AA20 /* Assets.xcassets */,
				28110D6E2160B03B00C3AA20 /* LaunchScreen.storyboard */,
				28110D712160B03B00C3AA20 /* Info.plist */,
			);
			path = "app-swoosh";
			sourceTree = "<group>";
		};
		28110D792160B03B00C3AA20 /* app-swooshTests */ = {
			isa = PBXGroup;
			children = (
				28110D7A2160B03B00C3AA20 /* app_swooshTests.swift */,
				28110D7C2160B03B00C3AA20 /* Info.plist */,
			);
			path = "app-swooshTests";
			sourceTree = "<group>";
		};
		28110D842160B03B00C3AA20 /* app-swooshUITests */ = {
			isa = PBXGroup;
			children = (
				28110D852160B03B00C3AA20 /* app_swooshUITests.swift */,
				28110D872160B03B00C3AA20 /* Info.plist */,
			);
			path = "app-swooshUITests";
			sourceTree = "<group>";
		};
		28110D932160B66500C3AA20 /* View */ = {
			isa = PBXGroup;
			children = (
				28110D942160B6BA00C3AA20 /* BorderButton.swift */,
			);
			path = View;
			sourceTree = "<group>";
		};
		28235A752169E96D00F6CAD7 /* Model */ = {
			isa = PBXGroup;
			children = (
			);
			path = Model;
			sourceTree = "<group>";
		};
		28235A762169E97500F6CAD7 /* Controller */ = {
			isa = PBXGroup;
			children = (
				28110D672160B03800C3AA20 /* WelcomeVC.swift */,
				28235A772169EA4E00F6CAD7 /* LeagueVC.swift */,
				28235A792169EA7000F6CAD7 /* SkillVC.swift */,
			);
			path = Controller;
			sourceTree = "<group>";
		};
/* End PBXGroup section */

/* Begin PBXNativeTarget section */
		28110D612160B03800C3AA20 /* app-swoosh */ = {
			isa = PBXNativeTarget;
			buildConfigurationList = 28110D8A2160B03B00C3AA20 /* Build configuration list for PBXNativeTarget "app-swoosh" */;
			buildPhases = (
				28110D5E2160B03800C3AA20 /* Sources */,
				28110D5F2160B03800C3AA20 /* Frameworks */,
				28110D602160B03800C3AA20 /* Resources */,
			);
			buildRules = (
			);
			dependencies = (
			);
			name = "app-swoosh";
			productName = "app-swoosh";
			productReference = 28110D622160B03800C3AA20 /* app-swoosh.app */;
			productType = "com.apple.product-type.application";
		};
		28110D752160B03B00C3AA20 /* app-swooshTests */ = {
			isa = PBXNativeTarget;
			buildConfigurationList = 28110D8D2160B03B00C3AA20 /* Build configuration list for PBXNativeTarget "app-swooshTests" */;
			buildPhases = (
				28110D722160B03B00C3AA20 /* Sources */,
				28110D732160B03B00C3AA20 /* Frameworks */,
				28110D742160B03B00C3AA20 /* Resources */,
			);
			buildRules = (
			);
			dependencies = (
				28110D782160B03B00C3AA20 /* PBXTargetDependency */,
			);
			name = "app-swooshTests";
			productName = "app-swooshTests";
			productReference = 28110D762160B03B00C3AA20 /* app-swooshTests.xctest */;
			productType = "com.apple.product-type.bundle.unit-test";
		};
		28110D802160B03B00C3AA20 /* app-swooshUITests */ = {
			isa = PBXNativeTarget;
			buildConfigurationList = 28110D902160B03B00C3AA20 /* Build configuration list for PBXNativeTarget "app-swooshUITests" */;
			buildPhases = (
				28110D7D2160B03B00C3AA20 /* Sources */,
				28110D7E2160B03B00C3AA20 /* Frameworks */,
				28110D7F2160B03B00C3AA20 /* Resources */,
			);
			buildRules = (
			);
			dependencies = (
				28110D832160B03B00C3AA20 /* PBXTargetDependency */,
			);
			name = "app-swooshUITests";
			productName = "app-swooshUITests";
			productReference = 28110D812160B03B00C3AA20 /* app-swooshUITests.xctest */;
			productType = "com.apple.product-type.bundle.ui-testing";
		};
/* End PBXNativeTarget section */

/* Begin PBXProject section */
		28110D5A2160B03800C3AA20 /* Project object */ = {
			isa = PBXProject;
			attributes = {
				LastSwiftUpdateCheck = 1000;
				LastUpgradeCheck = 1000;
				ORGANIZATIONNAME = abbyarias;
				TargetAttributes = {
					28110D612160B03800C3AA20 = {
						CreatedOnToolsVersion = 10.0;
					};
					28110D752160B03B00C3AA20 = {
						CreatedOnToolsVersion = 10.0;
						TestTargetID = 28110D612160B03800C3AA20;
					};
					28110D802160B03B00C3AA20 = {
						CreatedOnToolsVersion = 10.0;
						TestTargetID = 28110D612160B03800C3AA20;
					};
				};
			};
			buildConfigurationList = 28110D5D2160B03800C3AA20 /* Build configuration list for PBXProject "app-swoosh" */;
			compatibilityVersion = "Xcode 9.3";
			developmentRegion = en;
			hasScannedForEncodings = 0;
			knownRegions = (
				en,
				Base,
			);
			mainGroup = 28110D592160B03800C3AA20;
			productRefGroup = 28110D632160B03800C3AA20 /* Products */;
			projectDirPath = "";
			projectRoot = "";
			targets = (
				28110D612160B03800C3AA20 /* app-swoosh */,
				28110D752160B03B00C3AA20 /* app-swooshTests */,
				28110D802160B03B00C3AA20 /* app-swooshUITests */,
			);
		};
/* End PBXProject section */

/* Begin PBXResourcesBuildPhase section */
		28110D602160B03800C3AA20 /* Resources */ = {
			isa = PBXResourcesBuildPhase;
			buildActionMask = 2147483647;
			files = (
				28110D702160B03B00C3AA20 /* LaunchScreen.storyboard in Resources */,
				28110D6D2160B03B00C3AA20 /* Assets.xcassets in Resources */,
				28110D6B2160B03800C3AA20 /* Main.storyboard in Resources */,
			);
			runOnlyForDeploymentPostprocessing = 0;
		};
		28110D742160B03B00C3AA20 /* Resources */ = {
			isa = PBXResourcesBuildPhase;
			buildActionMask = 2147483647;
			files = (
			);
			runOnlyForDeploymentPostprocessing = 0;
		};
		28110D7F2160B03B00C3AA20 /* Resources */ = {
			isa = PBXResourcesBuildPhase;
			buildActionMask = 2147483647;
			files = (
			);
			runOnlyForDeploymentPostprocessing = 0;
		};
/* End PBXResourcesBuildPhase section */

/* Begin PBXSourcesBuildPhase section */
		28110D5E2160B03800C3AA20 /* Sources */ = {
			isa = PBXSourcesBuildPhase;
			buildActionMask = 2147483647;
			files = (
				28110D682160B03800C3AA20 /* WelcomeVC.swift in Sources */,
				28235A782169EA4E00F6CAD7 /* LeagueVC.swift in Sources */,
				28110D662160B03800C3AA20 /* AppDelegate.swift in Sources */,
				28235A7A2169EA7000F6CAD7 /* SkillVC.swift in Sources */,
				28110D952160B6BA00C3AA20 /* BorderButton.swift in Sources */,
			);
			runOnlyForDeploymentPostprocessing = 0;
		};
		28110D722160B03B00C3AA20 /* Sources */ = {
			isa = PBXSourcesBuildPhase;
			buildActionMask = 2147483647;
			files = (
				28110D7B2160B03B00C3AA20 /* app_swooshTests.swift in Sources */,
			);
			runOnlyForDeploymentPostprocessing = 0;
		};
		28110D7D2160B03B00C3AA20 /* Sources */ = {
			isa = PBXSourcesBuildPhase;
			buildActionMask = 2147483647;
			files = (
				28110D862160B03B00C3AA20 /* app_swooshUITests.swift in Sources */,
			);
			runOnlyForDeploymentPostprocessing = 0;
		};
/* End PBXSourcesBuildPhase section */

/* Begin PBXTargetDependency section */
		28110D782160B03B00C3AA20 /* PBXTargetDependency */ = {
			isa = PBXTargetDependency;
			target = 28110D612160B03800C3AA20 /* app-swoosh */;
			targetProxy = 28110D772160B03B00C3AA20 /* PBXContainerItemProxy */;
		};
		28110D832160B03B00C3AA20 /* PBXTargetDependency */ = {
			isa = PBXTargetDependency;
			target = 28110D612160B03800C3AA20 /* app-swoosh */;
			targetProxy = 28110D822160B03B00C3AA20 /* PBXContainerItemProxy */;
		};
/* End PBXTargetDependency section */

/* Begin PBXVariantGroup section */
		28110D692160B03800C3AA20 /* Main.storyboard */ = {
			isa = PBXVariantGroup;
			children = (
				28110D6A2160B03800C3AA20 /* Base */,
			);
			name = Main.storyboard;
			sourceTree = "<group>";
		};
		28110D6E2160B03B00C3AA20 /* LaunchScreen.storyboard */ = {
			isa = PBXVariantGroup;
			children = (
				28110D6F2160B03B00C3AA20 /* Base */,
			);
			name = LaunchScreen.storyboard;
			sourceTree = "<group>";
		};
/* End PBXVariantGroup section */

/* Begin XCBuildConfiguration section */
		28110D882160B03B00C3AA20 /* Debug */ = {
			isa = XCBuildConfiguration;
			buildSettings = {
				ALWAYS_SEARCH_USER_PATHS = NO;
				CLANG_ANALYZER_NONNULL = YES;
				CLANG_ANALYZER_NUMBER_OBJECT_CONVERSION = YES_AGGRESSIVE;
				CLANG_CXX_LANGUAGE_STANDARD = "gnu++14";
				CLANG_CXX_LIBRARY = "libc++";
				CLANG_ENABLE_MODULES = YES;
				CLANG_ENABLE_OBJC_ARC = YES;
				CLANG_ENABLE_OBJC_WEAK = YES;
				CLANG_WARN_BLOCK_CAPTURE_AUTORELEASING = YES;
				CLANG_WARN_BOOL_CONVERSION = YES;
				CLANG_WARN_COMMA = YES;
				CLANG_WARN_CONSTANT_CONVERSION = YES;
				CLANG_WARN_DEPRECATED_OBJC_IMPLEMENTATIONS = YES;
				CLANG_WARN_DIRECT_OBJC_ISA_USAGE = YES_ERROR;
				CLANG_WARN_DOCUMENTATION_COMMENTS = YES;
				CLANG_WARN_EMPTY_BODY = YES;
				CLANG_WARN_ENUM_CONVERSION = YES;
				CLANG_WARN_INFINITE_RECURSION = YES;
				CLANG_WARN_INT_CONVERSION = YES;
				CLANG_WARN_NON_LITERAL_NULL_CONVERSION = YES;
				CLANG_WARN_OBJC_IMPLICIT_RETAIN_SELF = YES;
				CLANG_WARN_OBJC_LITERAL_CONVERSION = YES;
				CLANG_WARN_OBJC_ROOT_CLASS = YES_ERROR;
				CLANG_WARN_RANGE_LOOP_ANALYSIS = YES;
				CLANG_WARN_STRICT_PROTOTYPES = YES;
				CLANG_WARN_SUSPICIOUS_MOVE = YES;
				CLANG_WARN_UNGUARDED_AVAILABILITY = YES_AGGRESSIVE;
				CLANG_WARN_UNREACHABLE_CODE = YES;
				CLANG_WARN__DUPLICATE_METHOD_MATCH = YES;
				CODE_SIGN_IDENTITY = "iPhone Developer";
				COPY_PHASE_STRIP = NO;
				DEBUG_INFORMATION_FORMAT = dwarf;
				ENABLE_STRICT_OBJC_MSGSEND = YES;
				ENABLE_TESTABILITY = YES;
				GCC_C_LANGUAGE_STANDARD = gnu11;
				GCC_DYNAMIC_NO_PIC = NO;
				GCC_NO_COMMON_BLOCKS = YES;
				GCC_OPTIMIZATION_LEVEL = 0;
				GCC_PREPROCESSOR_DEFINITIONS = (
					"DEBUG=1",
					"$(inherited)",
				);
				GCC_WARN_64_TO_32_BIT_CONVERSION = YES;
				GCC_WARN_ABOUT_RETURN_TYPE = YES_ERROR;
				GCC_WARN_UNDECLARED_SELECTOR = YES;
				GCC_WARN_UNINITIALIZED_AUTOS = YES_AGGRESSIVE;
				GCC_WARN_UNUSED_FUNCTION = YES;
				GCC_WARN_UNUSED_VARIABLE = YES;
				IPHONEOS_DEPLOYMENT_TARGET = 12.0;
				MTL_ENABLE_DEBUG_INFO = INCLUDE_SOURCE;
				MTL_FAST_MATH = YES;
				ONLY_ACTIVE_ARCH = YES;
				SDKROOT = iphoneos;
				SWIFT_ACTIVE_COMPILATION_CONDITIONS = DEBUG;
				SWIFT_OPTIMIZATION_LEVEL = "-Onone";
			};
			name = Debug;
		};
		28110D892160B03B00C3AA20 /* Release */ = {
			isa = XCBuildConfiguration;
			buildSettings = {
				ALWAYS_SEARCH_USER_PATHS = NO;
				CLANG_ANALYZER_NONNULL = YES;
				CLANG_ANALYZER_NUMBER_OBJECT_CONVERSION = YES_AGGRESSIVE;
				CLANG_CXX_LANGUAGE_STANDARD = "gnu++14";
				CLANG_CXX_LIBRARY = "libc++";
				CLANG_ENABLE_MODULES = YES;
				CLANG_ENABLE_OBJC_ARC = YES;
				CLANG_ENABLE_OBJC_WEAK = YES;
				CLANG_WARN_BLOCK_CAPTURE_AUTORELEASING = YES;
				CLANG_WARN_BOOL_CONVERSION = YES;
				CLANG_WARN_COMMA = YES;
				CLANG_WARN_CONSTANT_CONVERSION = YES;
				CLANG_WARN_DEPRECATED_OBJC_IMPLEMENTATIONS = YES;
				CLANG_WARN_DIRECT_OBJC_ISA_USAGE = YES_ERROR;
				CLANG_WARN_DOCUMENTATION_COMMENTS = YES;
				CLANG_WARN_EMPTY_BODY = YES;
				CLANG_WARN_ENUM_CONVERSION = YES;
				CLANG_WARN_INFINITE_RECURSION = YES;
				CLANG_WARN_INT_CONVERSION = YES;
				CLANG_WARN_NON_LITERAL_NULL_CONVERSION = YES;
				CLANG_WARN_OBJC_IMPLICIT_RETAIN_SELF = YES;
				CLANG_WARN_OBJC_LITERAL_CONVERSION = YES;
				CLANG_WARN_OBJC_ROOT_CLASS = YES_ERROR;
				CLANG_WARN_RANGE_LOOP_ANALYSIS = YES;
				CLANG_WARN_STRICT_PROTOTYPES = YES;
				CLANG_WARN_SUSPICIOUS_MOVE = YES;
				CLANG_WARN_UNGUARDED_AVAILABILITY = YES_AGGRESSIVE;
				CLANG_WARN_UNREACHABLE_CODE = YES;
				CLANG_WARN__DUPLICATE_METHOD_MATCH = YES;
				CODE_SIGN_IDENTITY = "iPhone Developer";
				COPY_PHASE_STRIP = NO;
				DEBUG_INFORMATION_FORMAT = "dwarf-with-dsym";
				ENABLE_NS_ASSERTIONS = NO;
				ENABLE_STRICT_OBJC_MSGSEND = YES;
				GCC_C_LANGUAGE_STANDARD = gnu11;
				GCC_NO_COMMON_BLOCKS = YES;
				GCC_WARN_64_TO_32_BIT_CONVERSION = YES;
				GCC_WARN_ABOUT_RETURN_TYPE = YES_ERROR;
				GCC_WARN_UNDECLARED_SELECTOR = YES;
				GCC_WARN_UNINITIALIZED_AUTOS = YES_AGGRESSIVE;
				GCC_WARN_UNUSED_FUNCTION = YES;
				GCC_WARN_UNUSED_VARIABLE = YES;
				IPHONEOS_DEPLOYMENT_TARGET = 12.0;
				MTL_ENABLE_DEBUG_INFO = NO;
				MTL_FAST_MATH = YES;
				SDKROOT = iphoneos;
				SWIFT_COMPILATION_MODE = wholemodule;
				SWIFT_OPTIMIZATION_LEVEL = "-O";
				VALIDATE_PRODUCT = YES;
			};
			name = Release;
		};
		28110D8B2160B03B00C3AA20 /* Debug */ = {
			isa = XCBuildConfiguration;
			buildSettings = {
				ASSETCATALOG_COMPILER_APPICON_NAME = AppIcon;
				CODE_SIGN_STYLE = Automatic;
				INFOPLIST_FILE = "app-swoosh/Info.plist";
				LD_RUNPATH_SEARCH_PATHS = (
					"$(inherited)",
					"@executable_path/Frameworks",
				);
				PRODUCT_BUNDLE_IDENTIFIER = "self.edu.abby.app-swoosh";
				PRODUCT_NAME = "$(TARGET_NAME)";
				SWIFT_VERSION = 4.2;
				TARGETED_DEVICE_FAMILY = "1,2";
			};
			name = Debug;
		};
		28110D8C2160B03B00C3AA20 /* Release */ = {
			isa = XCBuildConfiguration;
			buildSettings = {
				ASSETCATALOG_COMPILER_APPICON_NAME = AppIcon;
				CODE_SIGN_STYLE = Automatic;
				INFOPLIST_FILE = "app-swoosh/Info.plist";
				LD_RUNPATH_SEARCH_PATHS = (
					"$(inherited)",
					"@executable_path/Frameworks",
				);
				PRODUCT_BUNDLE_IDENTIFIER = "self.edu.abby.app-swoosh";
				PRODUCT_NAME = "$(TARGET_NAME)";
				SWIFT_VERSION = 4.2;
				TARGETED_DEVICE_FAMILY = "1,2";
			};
			name = Release;
		};
		28110D8E2160B03B00C3AA20 /* Debug */ = {
			isa = XCBuildConfiguration;
			buildSettings = {
				ALWAYS_EMBED_SWIFT_STANDARD_LIBRARIES = YES;
				BUNDLE_LOADER = "$(TEST_HOST)";
				CODE_SIGN_STYLE = Automatic;
				INFOPLIST_FILE = "app-swooshTests/Info.plist";
				LD_RUNPATH_SEARCH_PATHS = (
					"$(inherited)",
					"@executable_path/Frameworks",
					"@loader_path/Frameworks",
				);
				PRODUCT_BUNDLE_IDENTIFIER = "self.edu.abby.app-swooshTests";
				PRODUCT_NAME = "$(TARGET_NAME)";
				SWIFT_VERSION = 4.2;
				TARGETED_DEVICE_FAMILY = "1,2";
				TEST_HOST = "$(BUILT_PRODUCTS_DIR)/app-swoosh.app/app-swoosh";
			};
			name = Debug;
		};
		28110D8F2160B03B00C3AA20 /* Release */ = {
			isa = XCBuildConfiguration;
			buildSettings = {
				ALWAYS_EMBED_SWIFT_STANDARD_LIBRARIES = YES;
				BUNDLE_LOADER = "$(TEST_HOST)";
				CODE_SIGN_STYLE = Automatic;
				INFOPLIST_FILE = "app-swooshTests/Info.plist";
				LD_RUNPATH_SEARCH_PATHS = (
					"$(inherited)",
					"@executable_path/Frameworks",
					"@loader_path/Frameworks",
				);
				PRODUCT_BUNDLE_IDENTIFIER = "self.edu.abby.app-swooshTests";
				PRODUCT_NAME = "$(TARGET_NAME)";
				SWIFT_VERSION = 4.2;
				TARGETED_DEVICE_FAMILY = "1,2";
				TEST_HOST = "$(BUILT_PRODUCTS_DIR)/app-swoosh.app/app-swoosh";
			};
			name = Release;
		};
		28110D912160B03B00C3AA20 /* Debug */ = {
			isa = XCBuildConfiguration;
			buildSettings = {
				ALWAYS_EMBED_SWIFT_STANDARD_LIBRARIES = YES;
				CODE_SIGN_STYLE = Automatic;
				INFOPLIST_FILE = "app-swooshUITests/Info.plist";
				LD_RUNPATH_SEARCH_PATHS = (
					"$(inherited)",
					"@executable_path/Frameworks",
					"@loader_path/Frameworks",
				);
				PRODUCT_BUNDLE_IDENTIFIER = "self.edu.abby.app-swooshUITests";
				PRODUCT_NAME = "$(TARGET_NAME)";
				SWIFT_VERSION = 4.2;
				TARGETED_DEVICE_FAMILY = "1,2";
				TEST_TARGET_NAME = "app-swoosh";
			};
			name = Debug;
		};
		28110D922160B03B00C3AA20 /* Release */ = {
			isa = XCBuildConfiguration;
			buildSettings = {
				ALWAYS_EMBED_SWIFT_STANDARD_LIBRARIES = YES;
				CODE_SIGN_STYLE = Automatic;
				INFOPLIST_FILE = "app-swooshUITests/Info.plist";
				LD_RUNPATH_SEARCH_PATHS = (
					"$(inherited)",
					"@executable_path/Frameworks",
					"@loader_path/Frameworks",
				);
				PRODUCT_BUNDLE_IDENTIFIER = "self.edu.abby.app-swooshUITests";
				PRODUCT_NAME = "$(TARGET_NAME)";
				SWIFT_VERSION = 4.2;
				TARGETED_DEVICE_FAMILY = "1,2";
				TEST_TARGET_NAME = "app-swoosh";
			};
			name = Release;
		};
/* End XCBuildConfiguration section */

/* Begin XCConfigurationList section */
		28110D5D2160B03800C3AA20 /* Build configuration list for PBXProject "app-swoosh" */ = {
			isa = XCConfigurationList;
			buildConfigurations = (
				28110D882160B03B00C3AA20 /* Debug */,
				28110D892160B03B00C3AA20 /* Release */,
			);
			defaultConfigurationIsVisible = 0;
			defaultConfigurationName = Release;
		};
		28110D8A2160B03B00C3AA20 /* Build configuration list for PBXNativeTarget "app-swoosh" */ = {
			isa = XCConfigurationList;
			buildConfigurations = (
				28110D8B2160B03B00C3AA20 /* Debug */,
				28110D8C2160B03B00C3AA20 /* Release */,
			);
			defaultConfigurationIsVisible = 0;
			defaultConfigurationName = Release;
		};
		28110D8D2160B03B00C3AA20 /* Build configuration list for PBXNativeTarget "app-swooshTests" */ = {
			isa = XCConfigurationList;
			buildConfigurations = (
				28110D8E2160B03B00C3AA20 /* Debug */,
				28110D8F2160B03B00C3AA20 /* Release */,
			);
			defaultConfigurationIsVisible = 0;
			defaultConfigurationName = Release;
		};
		28110D902160B03B00C3AA20 /* Build configuration list for PBXNativeTarget "app-swooshUITests" */ = {
			isa = XCConfigurationList;
			buildConfigurations = (
				28110D912160B03B00C3AA20 /* Debug */,
				28110D922160B03B00C3AA20 /* Release */,
			);
			defaultConfigurationIsVisible = 0;
			defaultConfigurationName = Release;
		};
/* End XCConfigurationList section */
	};
	rootObject = 28110D5A2160B03800C3AA20 /* Project object */;
}
